
Microsoft Visual Studio Solution File, Format Version 12.00
# Visual Studio Version 16
VisualStudioVersion = 16.6.30114.105
MinimumVisualStudioVersion = 10.0.40219.1
Project("{2150E333-8FDC-42A3-9474-1A3956D46DE8}") = "CreationalPatterns", "CreationalPatterns", "{BB15087F-56C6-4DB9-A5B6-CAB52565A636}"
EndProject
Project("{2150E333-8FDC-42A3-9474-1A3956D46DE8}") = "Builder", "Builder", "{0F98B30B-B5EF-48FD-94FA-47213C5FD1C5}"
EndProject
Project("{FAE04EC0-301F-11D3-BF4B-00C04F79EFBC}") = "Builders", "CreationalPatterns\Builder\UdemyCourseExample\Builders.csproj", "{623D901A-1C4E-49E5-A1F0-0C1386EC0823}"
EndProject
Project("{2150E333-8FDC-42A3-9474-1A3956D46DE8}") = "Prototype", "Prototype", "{DAAA1879-FFB9-4A0F-9BD7-9E94CB955C82}"
EndProject
Project("{FAE04EC0-301F-11D3-BF4B-00C04F79EFBC}") = "Prototype", "CreationalPatterns\Prototype\UdemyCourseExample\Prototype.csproj", "{A144DABF-5A17-48F2-8F2D-8E3A91BD445C}"
EndProject
Project("{2150E333-8FDC-42A3-9474-1A3956D46DE8}") = "Singleton", "Singleton", "{A8890755-191A-419D-AB44-3D293B147E59}"
EndProject
Project("{FAE04EC0-301F-11D3-BF4B-00C04F79EFBC}") = "SingletonPattern", "CreationalPatterns\Singleton\UdemyCourseExample\SingletonPattern.csproj", "{89392B8F-4CE0-4382-BBC3-2CB5FF8DCA06}"
EndProject
Project("{2150E333-8FDC-42A3-9474-1A3956D46DE8}") = "StructuralPatterns", "StructuralPatterns", "{9BC7815F-26CF-49F4-85AD-19B787A16F9C}"
EndProject
Project("{2150E333-8FDC-42A3-9474-1A3956D46DE8}") = "Adapter", "Adapter", "{17454245-6373-4C8B-919F-50BA2B0F78FF}"
EndProject
Project("{FAE04EC0-301F-11D3-BF4B-00C04F79EFBC}") = "Adapter", "StructuralPatterns\Adapter\UdemyCourseExample\Adapter.csproj", "{E33561C8-C9E9-4D2A-AF27-9125AAB42361}"
EndProject
Global
	GlobalSection(SolutionConfigurationPlatforms) = preSolution
		Debug|Any CPU = Debug|Any CPU
		Debug|x64 = Debug|x64
		Debug|x86 = Debug|x86
		Release|Any CPU = Release|Any CPU
		Release|x64 = Release|x64
		Release|x86 = Release|x86
	EndGlobalSection
	GlobalSection(SolutionProperties) = preSolution
		HideSolutionNode = FALSE
	EndGlobalSection
	GlobalSection(ProjectConfigurationPlatforms) = postSolution
		{623D901A-1C4E-49E5-A1F0-0C1386EC0823}.Debug|Any CPU.ActiveCfg = Debug|Any CPU
		{623D901A-1C4E-49E5-A1F0-0C1386EC0823}.Debug|Any CPU.Build.0 = Debug|Any CPU
		{623D901A-1C4E-49E5-A1F0-0C1386EC0823}.Debug|x64.ActiveCfg = Debug|Any CPU
		{623D901A-1C4E-49E5-A1F0-0C1386EC0823}.Debug|x64.Build.0 = Debug|Any CPU
		{623D901A-1C4E-49E5-A1F0-0C1386EC0823}.Debug|x86.ActiveCfg = Debug|Any CPU
		{623D901A-1C4E-49E5-A1F0-0C1386EC0823}.Debug|x86.Build.0 = Debug|Any CPU
		{623D901A-1C4E-49E5-A1F0-0C1386EC0823}.Release|Any CPU.ActiveCfg = Release|Any CPU
		{623D901A-1C4E-49E5-A1F0-0C1386EC0823}.Release|Any CPU.Build.0 = Release|Any CPU
		{623D901A-1C4E-49E5-A1F0-0C1386EC0823}.Release|x64.ActiveCfg = Release|Any CPU
		{623D901A-1C4E-49E5-A1F0-0C1386EC0823}.Release|x64.Build.0 = Release|Any CPU
		{623D901A-1C4E-49E5-A1F0-0C1386EC0823}.Release|x86.ActiveCfg = Release|Any CPU
		{623D901A-1C4E-49E5-A1F0-0C1386EC0823}.Release|x86.Build.0 = Release|Any CPU
		{A144DABF-5A17-48F2-8F2D-8E3A91BD445C}.Debug|Any CPU.ActiveCfg = Debug|Any CPU
		{A144DABF-5A17-48F2-8F2D-8E3A91BD445C}.Debug|Any CPU.Build.0 = Debug|Any CPU
		{A144DABF-5A17-48F2-8F2D-8E3A91BD445C}.Debug|x64.ActiveCfg = Debug|Any CPU
		{A144DABF-5A17-48F2-8F2D-8E3A91BD445C}.Debug|x64.Build.0 = Debug|Any CPU
		{A144DABF-5A17-48F2-8F2D-8E3A91BD445C}.Debug|x86.ActiveCfg = Debug|Any CPU
		{A144DABF-5A17-48F2-8F2D-8E3A91BD445C}.Debug|x86.Build.0 = Debug|Any CPU
		{A144DABF-5A17-48F2-8F2D-8E3A91BD445C}.Release|Any CPU.ActiveCfg = Release|Any CPU
		{A144DABF-5A17-48F2-8F2D-8E3A91BD445C}.Release|Any CPU.Build.0 = Release|Any CPU
		{A144DABF-5A17-48F2-8F2D-8E3A91BD445C}.Release|x64.ActiveCfg = Release|Any CPU
		{A144DABF-5A17-48F2-8F2D-8E3A91BD445C}.Release|x64.Build.0 = Release|Any CPU
		{A144DABF-5A17-48F2-8F2D-8E3A91BD445C}.Release|x86.ActiveCfg = Release|Any CPU
		{A144DABF-5A17-48F2-8F2D-8E3A91BD445C}.Release|x86.Build.0 = Release|Any CPU
		{89392B8F-4CE0-4382-BBC3-2CB5FF8DCA06}.Debug|Any CPU.ActiveCfg = Debug|Any CPU
		{89392B8F-4CE0-4382-BBC3-2CB5FF8DCA06}.Debug|Any CPU.Build.0 = Debug|Any CPU
		{89392B8F-4CE0-4382-BBC3-2CB5FF8DCA06}.Debug|x64.ActiveCfg = Debug|Any CPU
		{89392B8F-4CE0-4382-BBC3-2CB5FF8DCA06}.Debug|x64.Build.0 = Debug|Any CPU
		{89392B8F-4CE0-4382-BBC3-2CB5FF8DCA06}.Debug|x86.ActiveCfg = Debug|Any CPU
		{89392B8F-4CE0-4382-BBC3-2CB5FF8DCA06}.Debug|x86.Build.0 = Debug|Any CPU
		{89392B8F-4CE0-4382-BBC3-2CB5FF8DCA06}.Release|Any CPU.ActiveCfg = Release|Any CPU
		{89392B8F-4CE0-4382-BBC3-2CB5FF8DCA06}.Release|Any CPU.Build.0 = Release|Any CPU
		{89392B8F-4CE0-4382-BBC3-2CB5FF8DCA06}.Release|x64.ActiveCfg = Release|Any CPU
		{89392B8F-4CE0-4382-BBC3-2CB5FF8DCA06}.Release|x64.Build.0 = Release|Any CPU
		{89392B8F-4CE0-4382-BBC3-2CB5FF8DCA06}.Release|x86.ActiveCfg = Release|Any CPU
		{89392B8F-4CE0-4382-BBC3-2CB5FF8DCA06}.Release|x86.Build.0 = Release|Any CPU
		{E33561C8-C9E9-4D2A-AF27-9125AAB42361}.Debug|Any CPU.ActiveCfg = Debug|Any CPU
		{E33561C8-C9E9-4D2A-AF27-9125AAB42361}.Debug|Any CPU.Build.0 = Debug|Any CPU
		{E33561C8-C9E9-4D2A-AF27-9125AAB42361}.Debug|x64.ActiveCfg = Debug|Any CPU
		{E33561C8-C9E9-4D2A-AF27-9125AAB42361}.Debug|x64.Build.0 = Debug|Any CPU
		{E33561C8-C9E9-4D2A-AF27-9125AAB42361}.Debug|x86.ActiveCfg = Debug|Any CPU
		{E33561C8-C9E9-4D2A-AF27-9125AAB42361}.Debug|x86.Build.0 = Debug|Any CPU
		{E33561C8-C9E9-4D2A-AF27-9125AAB42361}.Release|Any CPU.ActiveCfg = Release|Any CPU
		{E33561C8-C9E9-4D2A-AF27-9125AAB42361}.Release|Any CPU.Build.0 = Release|Any CPU
		{E33561C8-C9E9-4D2A-AF27-9125AAB42361}.Release|x64.ActiveCfg = Release|Any CPU
		{E33561C8-C9E9-4D2A-AF27-9125AAB42361}.Release|x64.Build.0 = Release|Any CPU
		{E33561C8-C9E9-4D2A-AF27-9125AAB42361}.Release|x86.ActiveCfg = Release|Any CPU
		{E33561C8-C9E9-4D2A-AF27-9125AAB42361}.Release|x86.Build.0 = Release|Any CPU
	EndGlobalSection
	GlobalSection(NestedProjects) = preSolution
		{0F98B30B-B5EF-48FD-94FA-47213C5FD1C5} = {BB15087F-56C6-4DB9-A5B6-CAB52565A636}
		{623D901A-1C4E-49E5-A1F0-0C1386EC0823} = {0F98B30B-B5EF-48FD-94FA-47213C5FD1C5}
		{DAAA1879-FFB9-4A0F-9BD7-9E94CB955C82} = {BB15087F-56C6-4DB9-A5B6-CAB52565A636}
		{A144DABF-5A17-48F2-8F2D-8E3A91BD445C} = {DAAA1879-FFB9-4A0F-9BD7-9E94CB955C82}
		{A8890755-191A-419D-AB44-3D293B147E59} = {BB15087F-56C6-4DB9-A5B6-CAB52565A636}
		{89392B8F-4CE0-4382-BBC3-2CB5FF8DCA06} = {A8890755-191A-419D-AB44-3D293B147E59}
		{17454245-6373-4C8B-919F-50BA2B0F78FF} = {9BC7815F-26CF-49F4-85AD-19B787A16F9C}
		{E33561C8-C9E9-4D2A-AF27-9125AAB42361} = {17454245-6373-4C8B-919F-50BA2B0F78FF}
	EndGlobalSection
EndGlobal
